
Microsoft Visual Studio Solution File, Format Version 12.00
# Visual Studio Version 17
VisualStudioVersion = 17.0.31903.59
MinimumVisualStudioVersion = 10.0.40219.1
Project("{2150E333-8FDC-42A3-9474-1A3956D46DE8}") = "src", "src", "{827E0CD3-B72D-47B6-A68D-7590B98EB39B}"
EndProject
Project("{2150E333-8FDC-42A3-9474-1A3956D46DE8}") = "Shared", "Shared", "{C8E42992-5E42-0C2B-DBFE-AA848D06431C}"
EndProject
Project("{FAE04EC0-301F-11D3-BF4B-00C04F79EFBC}") = "CarWashSaaS.Shared.Contracts", "src\Shared\CarWashSaaS.Shared.Contracts\CarWashSaaS.Shared.Contracts.csproj", "{AEBB6443-C848-47BF-8C9A-B8FDA2EC2521}"
EndProject
Project("{2150E333-8FDC-42A3-9474-1A3956D46DE8}") = "Backend", "Backend", "{FE360695-3F2B-1049-3887-35FBB5135923}"
EndProject
Project("{2150E333-8FDC-42A3-9474-1A3956D46DE8}") = "Modules", "Modules", "{80AA2D47-A8A8-B250-956F-7C35AE84D60B}"
EndProject
Project("{2150E333-8FDC-42A3-9474-1A3956D46DE8}") = "Tenants", "Tenants", "{767D7431-D8A9-F82E-1068-BB2211DC3259}"
EndProject
Project("{FAE04EC0-301F-11D3-BF4B-00C04F79EFBC}") = "CarWashSaaS.Tenants.Domain", "src\Backend\Modules\Tenants\CarWashSaaS.Tenants.Domain\CarWashSaaS.Tenants.Domain.csproj", "{F3E4E6C7-5EDC-4EC0-AD74-8E28AA2B65E8}"
EndProject
Project("{FAE04EC0-301F-11D3-BF4B-00C04F79EFBC}") = "CarWashSaaS.Tenants.Application", "src\Backend\Modules\Tenants\CarWashSaaS.Tenants.Application\CarWashSaaS.Tenants.Application.csproj", "{599707A2-3E85-423E-93CB-8C8133988D7A}"
EndProject
Project("{FAE04EC0-301F-11D3-BF4B-00C04F79EFBC}") = "CarWashSaaS.Tenants.Infrastructure", "src\Backend\Modules\Tenants\CarWashSaaS.Tenants.Infrastructure\CarWashSaaS.Tenants.Infrastructure.csproj", "{9692F11D-445B-4071-B053-44D8002C316D}"
EndProject
Project("{2150E333-8FDC-42A3-9474-1A3956D46DE8}") = "Identity", "Identity", "{2D249DE0-EC84-28E9-17CD-9A4EEB38B949}"
EndProject
Project("{FAE04EC0-301F-11D3-BF4B-00C04F79EFBC}") = "CarWashSaaS.Identity.Domain", "src\Backend\Modules\Identity\CarWashSaaS.Identity.Domain\CarWashSaaS.Identity.Domain.csproj", "{89263A37-7437-4353-953C-008247DA9068}"
EndProject
Project("{FAE04EC0-301F-11D3-BF4B-00C04F79EFBC}") = "CarWashSaaS.Identity.Application", "src\Backend\Modules\Identity\CarWashSaaS.Identity.Application\CarWashSaaS.Identity.Application.csproj", "{E5173774-6ECB-4DED-845D-4CBE6D898B1D}"
EndProject
Project("{FAE04EC0-301F-11D3-BF4B-00C04F79EFBC}") = "CarWashSaaS.Identity.Infrastructure", "src\Backend\Modules\Identity\CarWashSaaS.Identity.Infrastructure\CarWashSaaS.Identity.Infrastructure.csproj", "{9E44B526-E79A-43B2-964A-1556385B6B4D}"
EndProject
Project("{2150E333-8FDC-42A3-9474-1A3956D46DE8}") = "YardOperations", "YardOperations", "{F0527C1E-60E4-94A0-3773-C8587A305C89}"
EndProject
Project("{FAE04EC0-301F-11D3-BF4B-00C04F79EFBC}") = "CarWashSaaS.YardOperations.Domain", "src\Backend\Modules\YardOperations\CarWashSaaS.YardOperations.Domain\CarWashSaaS.YardOperations.Domain.csproj", "{96AEA625-C6FC-4B51-ABC4-56775468D3F1}"
EndProject
Project("{FAE04EC0-301F-11D3-BF4B-00C04F79EFBC}") = "CarWashSaaS.YardOperations.Application", "src\Backend\Modules\YardOperations\CarWashSaaS.YardOperations.Application\CarWashSaaS.YardOperations.Application.csproj", "{DE8916E4-CB47-4FA5-B806-B39B384E6C92}"
EndProject
Project("{FAE04EC0-301F-11D3-BF4B-00C04F79EFBC}") = "CarWashSaaS.YardOperations.Infrastructure", "src\Backend\Modules\YardOperations\CarWashSaaS.YardOperations.Infrastructure\CarWashSaaS.YardOperations.Infrastructure.csproj", "{1EF2D35D-99A5-48BB-99C5-9535A0A8C507}"
EndProject
Project("{FAE04EC0-301F-11D3-BF4B-00C04F79EFBC}") = "CarWashSaaS.Api", "src\Backend\CarWashSaaS.Api\CarWashSaaS.Api.csproj", "{CA7B4FE3-97FE-41F0-BFC4-943654584024}"
EndProject
Project("{2150E333-8FDC-42A3-9474-1A3956D46DE8}") = "tests", "tests", "{0AB3BF05-4346-4AA6-1389-037BE0695223}"
EndProject
Project("{2150E333-8FDC-42A3-9474-1A3956D46DE8}") = "Backend", "Backend", "{C62EED4C-2AC9-F50F-E0BC-649CFEA98BDB}"
EndProject
Project("{2150E333-8FDC-42A3-9474-1A3956D46DE8}") = "UnitTests", "UnitTests", "{ADC5123A-F383-4236-EDE3-E79C16CFE866}"
EndProject
Project("{FAE04EC0-301F-11D3-BF4B-00C04F79EFBC}") = "CarWashSaaS.UnitTests", "tests\Backend\UnitTests\CarWashSaaS.UnitTests\CarWashSaaS.UnitTests.csproj", "{6DCD6662-FAC4-4925-8B99-B0F08E754756}"
EndProject
Project("{2150E333-8FDC-42A3-9474-1A3956D46DE8}") = "IntegrationTests", "IntegrationTests", "{35C5C2C8-E50E-750F-2C85-4B4D2A21115F}"
EndProject
Project("{FAE04EC0-301F-11D3-BF4B-00C04F79EFBC}") = "CarWashSaaS.IntegrationTests", "tests\Backend\IntegrationTests\CarWashSaaS.IntegrationTests\CarWashSaaS.IntegrationTests.csproj", "{2BF248AF-B9B6-446A-A3B3-ED24DF2698F4}"
EndProject
Project("{2150E333-8FDC-42A3-9474-1A3956D46DE8}") = "ArchitectureTests", "ArchitectureTests", "{AB7F2BA9-A44C-ECEA-EACF-7CB237EA5C74}"
EndProject
Project("{FAE04EC0-301F-11D3-BF4B-00C04F79EFBC}") = "CarWashSaaS.ArchitectureTests", "tests\Backend\ArchitectureTests\CarWashSaaS.ArchitectureTests\CarWashSaaS.ArchitectureTests.csproj", "{D4FAE356-E31F-427F-BC42-CCC1108E3662}"
EndProject
Project("{FAE04EC0-301F-11D3-BF4B-00C04F79EFBC}") = "CarWashSaaS.Shared.Configuration", "src\Shared\CarWashSaaS.Shared.Configuration\CarWashSaaS.Shared.Configuration.csproj", "{F7AB4876-6F9E-4B96-9721-32516593BD52}"
EndProject
Project("{2150E333-8FDC-42A3-9474-1A3956D46DE8}") = "WhatsApp", "WhatsApp", "{5579ABC2-CB82-8538-6BDA-4B245ED70B6A}"
EndProject
Project("{FAE04EC0-301F-11D3-BF4B-00C04F79EFBC}") = "CarWashSaaS.WhatsApp.Domain", "src\Backend\Modules\WhatsApp\CarWashSaaS.WhatsApp.Domain\CarWashSaaS.WhatsApp.Domain.csproj", "{98B9B4E3-E5E5-4245-92C4-9BB7D72D1711}"
EndProject
Project("{FAE04EC0-301F-11D3-BF4B-00C04F79EFBC}") = "CarWashSaaS.WhatsApp.Infrastructure", "src\Backend\Modules\WhatsApp\CarWashSaaS.WhatsApp.Infrastructure\CarWashSaaS.WhatsApp.Infrastructure.csproj", "{2E92982C-477A-4CC2-A618-8FFC58563202}"
EndProject
Project("{FAE04EC0-301F-11D3-BF4B-00C04F79EFBC}") = "CarWashSaaS.WhatsApp.Application", "src\Backend\Modules\WhatsApp\CarWashSaaS.WhatsApp.Application\CarWashSaaS.WhatsApp.Application.csproj", "{DC91C604-6E1A-4B49-8F9D-E7F9E95DEB7B}"
EndProject
Project("{2150E333-8FDC-42A3-9474-1A3956D46DE8}") = "Frontend", "Frontend", "{42299874-777B-F2D0-9D08-D24097ABCE7E}"
EndProject
Project("{FAE04EC0-301F-11D3-BF4B-00C04F79EFBC}") = "CarWashSaaS.Client.Web", "src\Frontend\CarWashSaaS.Client.Web\CarWashSaaS.Client.Web.csproj", "{BB125869-EE34-480C-9CE7-098CDD8E946E}"
EndProject
Project("{FAE04EC0-301F-11D3-BF4B-00C04F79EFBC}") = "CarWashSaaS.Client.Components", "src\Frontend\CarWashSaaS.Client.Components\CarWashSaaS.Client.Components.csproj", "{7DFC5BB8-5732-4489-ABC3-32EE9493AD1F}"
EndProject
Project("{FAE04EC0-301F-11D3-BF4B-00C04F79EFBC}") = "CarWashSaaS.Client.Core", "src\Frontend\CarWashSaaS.Client.Core\CarWashSaaS.Client.Core.csproj", "{999BEC20-774F-4FF0-810D-ABA1B534B94D}"
EndProject
Project("{2150E333-8FDC-42A3-9474-1A3956D46DE8}") = "Frontend", "Frontend", "{FA8FFBD6-AFF2-4CE2-8F1A-323CBF9EE1CD}"
EndProject
Project("{2150E333-8FDC-42A3-9474-1A3956D46DE8}") = "ComponentTests", "ComponentTests", "{9937F2DF-CEFF-D8D3-F32A-8F192CFC98CC}"
EndProject
Project("{FAE04EC0-301F-11D3-BF4B-00C04F79EFBC}") = "CarWashSaaS.ComponentTests", "tests\Frontend\ComponentTests\CarWashSaaS.ComponentTests\CarWashSaaS.ComponentTests.csproj", "{21AEF913-2656-4CB8-8BA0-5E562F0042FC}"
EndProject
Project("{2150E333-8FDC-42A3-9474-1A3956D46DE8}") = "Billing", "Billing", "{FA429234-2590-72EF-22B2-C0252F3A9B63}"
EndProject
Project("{FAE04EC0-301F-11D3-BF4B-00C04F79EFBC}") = "CarWashSaaS.Billing.Domain", "src\Backend\Modules\Billing\CarWashSaaS.Billing.Domain\CarWashSaaS.Billing.Domain.csproj", "{CF8BE97B-6681-496F-9E91-D2D6CE40C46A}"
EndProject
Project("{FAE04EC0-301F-11D3-BF4B-00C04F79EFBC}") = "CarWashSaaS.Billing.Application", "src\Backend\Modules\Billing\CarWashSaaS.Billing.Application\CarWashSaaS.Billing.Application.csproj", "{00BAB8F3-1AEC-4470-ABA0-A1357B54CBBE}"
EndProject
Project("{FAE04EC0-301F-11D3-BF4B-00C04F79EFBC}") = "CarWashSaaS.Billing.Infrastructure", "src\Backend\Modules\Billing\CarWashSaaS.Billing.Infrastructure\CarWashSaaS.Billing.Infrastructure.csproj", "{D1C6C898-C3FE-4BCE-A82E-6A6A3C3C028A}"
EndProject
Global
	GlobalSection(SolutionConfigurationPlatforms) = preSolution
		Debug|Any CPU = Debug|Any CPU
		Debug|x64 = Debug|x64
		Debug|x86 = Debug|x86
		Release|Any CPU = Release|Any CPU
		Release|x64 = Release|x64
		Release|x86 = Release|x86
	EndGlobalSection
	GlobalSection(ProjectConfigurationPlatforms) = postSolution
		{AEBB6443-C848-47BF-8C9A-B8FDA2EC2521}.Debug|Any CPU.ActiveCfg = Debug|Any CPU
		{AEBB6443-C848-47BF-8C9A-B8FDA2EC2521}.Debug|Any CPU.Build.0 = Debug|Any CPU
		{AEBB6443-C848-47BF-8C9A-B8FDA2EC2521}.Debug|x64.ActiveCfg = Debug|Any CPU
		{AEBB6443-C848-47BF-8C9A-B8FDA2EC2521}.Debug|x64.Build.0 = Debug|Any CPU
		{AEBB6443-C848-47BF-8C9A-B8FDA2EC2521}.Debug|x86.ActiveCfg = Debug|Any CPU
		{AEBB6443-C848-47BF-8C9A-B8FDA2EC2521}.Debug|x86.Build.0 = Debug|Any CPU
		{AEBB6443-C848-47BF-8C9A-B8FDA2EC2521}.Release|Any CPU.ActiveCfg = Release|Any CPU
		{AEBB6443-C848-47BF-8C9A-B8FDA2EC2521}.Release|Any CPU.Build.0 = Release|Any CPU
		{AEBB6443-C848-47BF-8C9A-B8FDA2EC2521}.Release|x64.ActiveCfg = Release|Any CPU
		{AEBB6443-C848-47BF-8C9A-B8FDA2EC2521}.Release|x64.Build.0 = Release|Any CPU
		{AEBB6443-C848-47BF-8C9A-B8FDA2EC2521}.Release|x86.ActiveCfg = Release|Any CPU
		{AEBB6443-C848-47BF-8C9A-B8FDA2EC2521}.Release|x86.Build.0 = Release|Any CPU
		{F3E4E6C7-5EDC-4EC0-AD74-8E28AA2B65E8}.Debug|Any CPU.ActiveCfg = Debug|Any CPU
		{F3E4E6C7-5EDC-4EC0-AD74-8E28AA2B65E8}.Debug|Any CPU.Build.0 = Debug|Any CPU
		{F3E4E6C7-5EDC-4EC0-AD74-8E28AA2B65E8}.Debug|x64.ActiveCfg = Debug|Any CPU
		{F3E4E6C7-5EDC-4EC0-AD74-8E28AA2B65E8}.Debug|x64.Build.0 = Debug|Any CPU
		{F3E4E6C7-5EDC-4EC0-AD74-8E28AA2B65E8}.Debug|x86.ActiveCfg = Debug|Any CPU
		{F3E4E6C7-5EDC-4EC0-AD74-8E28AA2B65E8}.Debug|x86.Build.0 = Debug|Any CPU
		{F3E4E6C7-5EDC-4EC0-AD74-8E28AA2B65E8}.Release|Any CPU.ActiveCfg = Release|Any CPU
		{F3E4E6C7-5EDC-4EC0-AD74-8E28AA2B65E8}.Release|Any CPU.Build.0 = Release|Any CPU
		{F3E4E6C7-5EDC-4EC0-AD74-8E28AA2B65E8}.Release|x64.ActiveCfg = Release|Any CPU
		{F3E4E6C7-5EDC-4EC0-AD74-8E28AA2B65E8}.Release|x64.Build.0 = Release|Any CPU
		{F3E4E6C7-5EDC-4EC0-AD74-8E28AA2B65E8}.Release|x86.ActiveCfg = Release|Any CPU
		{F3E4E6C7-5EDC-4EC0-AD74-8E28AA2B65E8}.Release|x86.Build.0 = Release|Any CPU
		{599707A2-3E85-423E-93CB-8C8133988D7A}.Debug|Any CPU.ActiveCfg = Debug|Any CPU
		{599707A2-3E85-423E-93CB-8C8133988D7A}.Debug|Any CPU.Build.0 = Debug|Any CPU
		{599707A2-3E85-423E-93CB-8C8133988D7A}.Debug|x64.ActiveCfg = Debug|Any CPU
		{599707A2-3E85-423E-93CB-8C8133988D7A}.Debug|x64.Build.0 = Debug|Any CPU
		{599707A2-3E85-423E-93CB-8C8133988D7A}.Debug|x86.ActiveCfg = Debug|Any CPU
		{599707A2-3E85-423E-93CB-8C8133988D7A}.Debug|x86.Build.0 = Debug|Any CPU
		{599707A2-3E85-423E-93CB-8C8133988D7A}.Release|Any CPU.ActiveCfg = Release|Any CPU
		{599707A2-3E85-423E-93CB-8C8133988D7A}.Release|Any CPU.Build.0 = Release|Any CPU
		{599707A2-3E85-423E-93CB-8C8133988D7A}.Release|x64.ActiveCfg = Release|Any CPU
		{599707A2-3E85-423E-93CB-8C8133988D7A}.Release|x64.Build.0 = Release|Any CPU
		{599707A2-3E85-423E-93CB-8C8133988D7A}.Release|x86.ActiveCfg = Release|Any CPU
		{599707A2-3E85-423E-93CB-8C8133988D7A}.Release|x86.Build.0 = Release|Any CPU
		{9692F11D-445B-4071-B053-44D8002C316D}.Debug|Any CPU.ActiveCfg = Debug|Any CPU
		{9692F11D-445B-4071-B053-44D8002C316D}.Debug|Any CPU.Build.0 = Debug|Any CPU
		{9692F11D-445B-4071-B053-44D8002C316D}.Debug|x64.ActiveCfg = Debug|Any CPU
		{9692F11D-445B-4071-B053-44D8002C316D}.Debug|x64.Build.0 = Debug|Any CPU
		{9692F11D-445B-4071-B053-44D8002C316D}.Debug|x86.ActiveCfg = Debug|Any CPU
		{9692F11D-445B-4071-B053-44D8002C316D}.Debug|x86.Build.0 = Debug|Any CPU
		{9692F11D-445B-4071-B053-44D8002C316D}.Release|Any CPU.ActiveCfg = Release|Any CPU
		{9692F11D-445B-4071-B053-44D8002C316D}.Release|Any CPU.Build.0 = Release|Any CPU
		{9692F11D-445B-4071-B053-44D8002C316D}.Release|x64.ActiveCfg = Release|Any CPU
		{9692F11D-445B-4071-B053-44D8002C316D}.Release|x64.Build.0 = Release|Any CPU
		{9692F11D-445B-4071-B053-44D8002C316D}.Release|x86.ActiveCfg = Release|Any CPU
		{9692F11D-445B-4071-B053-44D8002C316D}.Release|x86.Build.0 = Release|Any CPU
		{89263A37-7437-4353-953C-008247DA9068}.Debug|Any CPU.ActiveCfg = Debug|Any CPU
		{89263A37-7437-4353-953C-008247DA9068}.Debug|Any CPU.Build.0 = Debug|Any CPU
		{89263A37-7437-4353-953C-008247DA9068}.Debug|x64.ActiveCfg = Debug|Any CPU
		{89263A37-7437-4353-953C-008247DA9068}.Debug|x64.Build.0 = Debug|Any CPU
		{89263A37-7437-4353-953C-008247DA9068}.Debug|x86.ActiveCfg = Debug|Any CPU
		{89263A37-7437-4353-953C-008247DA9068}.Debug|x86.Build.0 = Debug|Any CPU
		{89263A37-7437-4353-953C-008247DA9068}.Release|Any CPU.ActiveCfg = Release|Any CPU
		{89263A37-7437-4353-953C-008247DA9068}.Release|Any CPU.Build.0 = Release|Any CPU
		{89263A37-7437-4353-953C-008247DA9068}.Release|x64.ActiveCfg = Release|Any CPU
		{89263A37-7437-4353-953C-008247DA9068}.Release|x64.Build.0 = Release|Any CPU
		{89263A37-7437-4353-953C-008247DA9068}.Release|x86.ActiveCfg = Release|Any CPU
		{89263A37-7437-4353-953C-008247DA9068}.Release|x86.Build.0 = Release|Any CPU
		{E5173774-6ECB-4DED-845D-4CBE6D898B1D}.Debug|Any CPU.ActiveCfg = Debug|Any CPU
		{E5173774-6ECB-4DED-845D-4CBE6D898B1D}.Debug|Any CPU.Build.0 = Debug|Any CPU
		{E5173774-6ECB-4DED-845D-4CBE6D898B1D}.Debug|x64.ActiveCfg = Debug|Any CPU
		{E5173774-6ECB-4DED-845D-4CBE6D898B1D}.Debug|x64.Build.0 = Debug|Any CPU
		{E5173774-6ECB-4DED-845D-4CBE6D898B1D}.Debug|x86.ActiveCfg = Debug|Any CPU
		{E5173774-6ECB-4DED-845D-4CBE6D898B1D}.Debug|x86.Build.0 = Debug|Any CPU
		{E5173774-6ECB-4DED-845D-4CBE6D898B1D}.Release|Any CPU.ActiveCfg = Release|Any CPU
		{E5173774-6ECB-4DED-845D-4CBE6D898B1D}.Release|Any CPU.Build.0 = Release|Any CPU
		{E5173774-6ECB-4DED-845D-4CBE6D898B1D}.Release|x64.ActiveCfg = Release|Any CPU
		{E5173774-6ECB-4DED-845D-4CBE6D898B1D}.Release|x64.Build.0 = Release|Any CPU
		{E5173774-6ECB-4DED-845D-4CBE6D898B1D}.Release|x86.ActiveCfg = Release|Any CPU
		{E5173774-6ECB-4DED-845D-4CBE6D898B1D}.Release|x86.Build.0 = Release|Any CPU
		{9E44B526-E79A-43B2-964A-1556385B6B4D}.Debug|Any CPU.ActiveCfg = Debug|Any CPU
		{9E44B526-E79A-43B2-964A-1556385B6B4D}.Debug|Any CPU.Build.0 = Debug|Any CPU
		{9E44B526-E79A-43B2-964A-1556385B6B4D}.Debug|x64.ActiveCfg = Debug|Any CPU
		{9E44B526-E79A-43B2-964A-1556385B6B4D}.Debug|x64.Build.0 = Debug|Any CPU
		{9E44B526-E79A-43B2-964A-1556385B6B4D}.Debug|x86.ActiveCfg = Debug|Any CPU
		{9E44B526-E79A-43B2-964A-1556385B6B4D}.Debug|x86.Build.0 = Debug|Any CPU
		{9E44B526-E79A-43B2-964A-1556385B6B4D}.Release|Any CPU.ActiveCfg = Release|Any CPU
		{9E44B526-E79A-43B2-964A-1556385B6B4D}.Release|Any CPU.Build.0 = Release|Any CPU
		{9E44B526-E79A-43B2-964A-1556385B6B4D}.Release|x64.ActiveCfg = Release|Any CPU
		{9E44B526-E79A-43B2-964A-1556385B6B4D}.Release|x64.Build.0 = Release|Any CPU
		{9E44B526-E79A-43B2-964A-1556385B6B4D}.Release|x86.ActiveCfg = Release|Any CPU
		{9E44B526-E79A-43B2-964A-1556385B6B4D}.Release|x86.Build.0 = Release|Any CPU
		{96AEA625-C6FC-4B51-ABC4-56775468D3F1}.Debug|Any CPU.ActiveCfg = Debug|Any CPU
		{96AEA625-C6FC-4B51-ABC4-56775468D3F1}.Debug|Any CPU.Build.0 = Debug|Any CPU
		{96AEA625-C6FC-4B51-ABC4-56775468D3F1}.Debug|x64.ActiveCfg = Debug|Any CPU
		{96AEA625-C6FC-4B51-ABC4-56775468D3F1}.Debug|x64.Build.0 = Debug|Any CPU
		{96AEA625-C6FC-4B51-ABC4-56775468D3F1}.Debug|x86.ActiveCfg = Debug|Any CPU
		{96AEA625-C6FC-4B51-ABC4-56775468D3F1}.Debug|x86.Build.0 = Debug|Any CPU
		{96AEA625-C6FC-4B51-ABC4-56775468D3F1}.Release|Any CPU.ActiveCfg = Release|Any CPU
		{96AEA625-C6FC-4B51-ABC4-56775468D3F1}.Release|Any CPU.Build.0 = Release|Any CPU
		{96AEA625-C6FC-4B51-ABC4-56775468D3F1}.Release|x64.ActiveCfg = Release|Any CPU
		{96AEA625-C6FC-4B51-ABC4-56775468D3F1}.Release|x64.Build.0 = Release|Any CPU
		{96AEA625-C6FC-4B51-ABC4-56775468D3F1}.Release|x86.ActiveCfg = Release|Any CPU
		{96AEA625-C6FC-4B51-ABC4-56775468D3F1}.Release|x86.Build.0 = Release|Any CPU
		{DE8916E4-CB47-4FA5-B806-B39B384E6C92}.Debug|Any CPU.ActiveCfg = Debug|Any CPU
		{DE8916E4-CB47-4FA5-B806-B39B384E6C92}.Debug|Any CPU.Build.0 = Debug|Any CPU
		{DE8916E4-CB47-4FA5-B806-B39B384E6C92}.Debug|x64.ActiveCfg = Debug|Any CPU
		{DE8916E4-CB47-4FA5-B806-B39B384E6C92}.Debug|x64.Build.0 = Debug|Any CPU
		{DE8916E4-CB47-4FA5-B806-B39B384E6C92}.Debug|x86.ActiveCfg = Debug|Any CPU
		{DE8916E4-CB47-4FA5-B806-B39B384E6C92}.Debug|x86.Build.0 = Debug|Any CPU
		{DE8916E4-CB47-4FA5-B806-B39B384E6C92}.Release|Any CPU.ActiveCfg = Release|Any CPU
		{DE8916E4-CB47-4FA5-B806-B39B384E6C92}.Release|Any CPU.Build.0 = Release|Any CPU
		{DE8916E4-CB47-4FA5-B806-B39B384E6C92}.Release|x64.ActiveCfg = Release|Any CPU
		{DE8916E4-CB47-4FA5-B806-B39B384E6C92}.Release|x64.Build.0 = Release|Any CPU
		{DE8916E4-CB47-4FA5-B806-B39B384E6C92}.Release|x86.ActiveCfg = Release|Any CPU
		{DE8916E4-CB47-4FA5-B806-B39B384E6C92}.Release|x86.Build.0 = Release|Any CPU
		{1EF2D35D-99A5-48BB-99C5-9535A0A8C507}.Debug|Any CPU.ActiveCfg = Debug|Any CPU
		{1EF2D35D-99A5-48BB-99C5-9535A0A8C507}.Debug|Any CPU.Build.0 = Debug|Any CPU
		{1EF2D35D-99A5-48BB-99C5-9535A0A8C507}.Debug|x64.ActiveCfg = Debug|Any CPU
		{1EF2D35D-99A5-48BB-99C5-9535A0A8C507}.Debug|x64.Build.0 = Debug|Any CPU
		{1EF2D35D-99A5-48BB-99C5-9535A0A8C507}.Debug|x86.ActiveCfg = Debug|Any CPU
		{1EF2D35D-99A5-48BB-99C5-9535A0A8C507}.Debug|x86.Build.0 = Debug|Any CPU
		{1EF2D35D-99A5-48BB-99C5-9535A0A8C507}.Release|Any CPU.ActiveCfg = Release|Any CPU
		{1EF2D35D-99A5-48BB-99C5-9535A0A8C507}.Release|Any CPU.Build.0 = Release|Any CPU
		{1EF2D35D-99A5-48BB-99C5-9535A0A8C507}.Release|x64.ActiveCfg = Release|Any CPU
		{1EF2D35D-99A5-48BB-99C5-9535A0A8C507}.Release|x64.Build.0 = Release|Any CPU
		{1EF2D35D-99A5-48BB-99C5-9535A0A8C507}.Release|x86.ActiveCfg = Release|Any CPU
		{1EF2D35D-99A5-48BB-99C5-9535A0A8C507}.Release|x86.Build.0 = Release|Any CPU
		{CA7B4FE3-97FE-41F0-BFC4-943654584024}.Debug|Any CPU.ActiveCfg = Debug|Any CPU
		{CA7B4FE3-97FE-41F0-BFC4-943654584024}.Debug|Any CPU.Build.0 = Debug|Any CPU
		{CA7B4FE3-97FE-41F0-BFC4-943654584024}.Debug|x64.ActiveCfg = Debug|Any CPU
		{CA7B4FE3-97FE-41F0-BFC4-943654584024}.Debug|x64.Build.0 = Debug|Any CPU
		{CA7B4FE3-97FE-41F0-BFC4-943654584024}.Debug|x86.ActiveCfg = Debug|Any CPU
		{CA7B4FE3-97FE-41F0-BFC4-943654584024}.Debug|x86.Build.0 = Debug|Any CPU
		{CA7B4FE3-97FE-41F0-BFC4-943654584024}.Release|Any CPU.ActiveCfg = Release|Any CPU
		{CA7B4FE3-97FE-41F0-BFC4-943654584024}.Release|Any CPU.Build.0 = Release|Any CPU
		{CA7B4FE3-97FE-41F0-BFC4-943654584024}.Release|x64.ActiveCfg = Release|Any CPU
		{CA7B4FE3-97FE-41F0-BFC4-943654584024}.Release|x64.Build.0 = Release|Any CPU
		{CA7B4FE3-97FE-41F0-BFC4-943654584024}.Release|x86.ActiveCfg = Release|Any CPU
		{CA7B4FE3-97FE-41F0-BFC4-943654584024}.Release|x86.Build.0 = Release|Any CPU
		{6DCD6662-FAC4-4925-8B99-B0F08E754756}.Debug|Any CPU.ActiveCfg = Debug|Any CPU
		{6DCD6662-FAC4-4925-8B99-B0F08E754756}.Debug|Any CPU.Build.0 = Debug|Any CPU
		{6DCD6662-FAC4-4925-8B99-B0F08E754756}.Debug|x64.ActiveCfg = Debug|Any CPU
		{6DCD6662-FAC4-4925-8B99-B0F08E754756}.Debug|x64.Build.0 = Debug|Any CPU
		{6DCD6662-FAC4-4925-8B99-B0F08E754756}.Debug|x86.ActiveCfg = Debug|Any CPU
		{6DCD6662-FAC4-4925-8B99-B0F08E754756}.Debug|x86.Build.0 = Debug|Any CPU
		{6DCD6662-FAC4-4925-8B99-B0F08E754756}.Release|Any CPU.ActiveCfg = Release|Any CPU
		{6DCD6662-FAC4-4925-8B99-B0F08E754756}.Release|Any CPU.Build.0 = Release|Any CPU
		{6DCD6662-FAC4-4925-8B99-B0F08E754756}.Release|x64.ActiveCfg = Release|Any CPU
		{6DCD6662-FAC4-4925-8B99-B0F08E754756}.Release|x64.Build.0 = Release|Any CPU
		{6DCD6662-FAC4-4925-8B99-B0F08E754756}.Release|x86.ActiveCfg = Release|Any CPU
		{6DCD6662-FAC4-4925-8B99-B0F08E754756}.Release|x86.Build.0 = Release|Any CPU
		{2BF248AF-B9B6-446A-A3B3-ED24DF2698F4}.Debug|Any CPU.ActiveCfg = Debug|Any CPU
		{2BF248AF-B9B6-446A-A3B3-ED24DF2698F4}.Debug|Any CPU.Build.0 = Debug|Any CPU
		{2BF248AF-B9B6-446A-A3B3-ED24DF2698F4}.Debug|x64.ActiveCfg = Debug|Any CPU
		{2BF248AF-B9B6-446A-A3B3-ED24DF2698F4}.Debug|x64.Build.0 = Debug|Any CPU
		{2BF248AF-B9B6-446A-A3B3-ED24DF2698F4}.Debug|x86.ActiveCfg = Debug|Any CPU
		{2BF248AF-B9B6-446A-A3B3-ED24DF2698F4}.Debug|x86.Build.0 = Debug|Any CPU
		{2BF248AF-B9B6-446A-A3B3-ED24DF2698F4}.Release|Any CPU.ActiveCfg = Release|Any CPU
		{2BF248AF-B9B6-446A-A3B3-ED24DF2698F4}.Release|Any CPU.Build.0 = Release|Any CPU
		{2BF248AF-B9B6-446A-A3B3-ED24DF2698F4}.Release|x64.ActiveCfg = Release|Any CPU
		{2BF248AF-B9B6-446A-A3B3-ED24DF2698F4}.Release|x64.Build.0 = Release|Any CPU
		{2BF248AF-B9B6-446A-A3B3-ED24DF2698F4}.Release|x86.ActiveCfg = Release|Any CPU
		{2BF248AF-B9B6-446A-A3B3-ED24DF2698F4}.Release|x86.Build.0 = Release|Any CPU
		{D4FAE356-E31F-427F-BC42-CCC1108E3662}.Debug|Any CPU.ActiveCfg = Debug|Any CPU
		{D4FAE356-E31F-427F-BC42-CCC1108E3662}.Debug|Any CPU.Build.0 = Debug|Any CPU
		{D4FAE356-E31F-427F-BC42-CCC1108E3662}.Debug|x64.ActiveCfg = Debug|Any CPU
		{D4FAE356-E31F-427F-BC42-CCC1108E3662}.Debug|x64.Build.0 = Debug|Any CPU
		{D4FAE356-E31F-427F-BC42-CCC1108E3662}.Debug|x86.ActiveCfg = Debug|Any CPU
		{D4FAE356-E31F-427F-BC42-CCC1108E3662}.Debug|x86.Build.0 = Debug|Any CPU
		{D4FAE356-E31F-427F-BC42-CCC1108E3662}.Release|Any CPU.ActiveCfg = Release|Any CPU
		{D4FAE356-E31F-427F-BC42-CCC1108E3662}.Release|Any CPU.Build.0 = Release|Any CPU
		{D4FAE356-E31F-427F-BC42-CCC1108E3662}.Release|x64.ActiveCfg = Release|Any CPU
		{D4FAE356-E31F-427F-BC42-CCC1108E3662}.Release|x64.Build.0 = Release|Any CPU
		{D4FAE356-E31F-427F-BC42-CCC1108E3662}.Release|x86.ActiveCfg = Release|Any CPU
		{D4FAE356-E31F-427F-BC42-CCC1108E3662}.Release|x86.Build.0 = Release|Any CPU
		{F7AB4876-6F9E-4B96-9721-32516593BD52}.Debug|Any CPU.ActiveCfg = Debug|Any CPU
		{F7AB4876-6F9E-4B96-9721-32516593BD52}.Debug|Any CPU.Build.0 = Debug|Any CPU
		{F7AB4876-6F9E-4B96-9721-32516593BD52}.Debug|x64.ActiveCfg = Debug|Any CPU
		{F7AB4876-6F9E-4B96-9721-32516593BD52}.Debug|x64.Build.0 = Debug|Any CPU
		{F7AB4876-6F9E-4B96-9721-32516593BD52}.Debug|x86.ActiveCfg = Debug|Any CPU
		{F7AB4876-6F9E-4B96-9721-32516593BD52}.Debug|x86.Build.0 = Debug|Any CPU
		{F7AB4876-6F9E-4B96-9721-32516593BD52}.Release|Any CPU.ActiveCfg = Release|Any CPU
		{F7AB4876-6F9E-4B96-9721-32516593BD52}.Release|Any CPU.Build.0 = Release|Any CPU
		{F7AB4876-6F9E-4B96-9721-32516593BD52}.Release|x64.ActiveCfg = Release|Any CPU
		{F7AB4876-6F9E-4B96-9721-32516593BD52}.Release|x64.Build.0 = Release|Any CPU
		{F7AB4876-6F9E-4B96-9721-32516593BD52}.Release|x86.ActiveCfg = Release|Any CPU
		{F7AB4876-6F9E-4B96-9721-32516593BD52}.Release|x86.Build.0 = Release|Any CPU
		{98B9B4E3-E5E5-4245-92C4-9BB7D72D1711}.Debug|Any CPU.ActiveCfg = Debug|Any CPU
		{98B9B4E3-E5E5-4245-92C4-9BB7D72D1711}.Debug|Any CPU.Build.0 = Debug|Any CPU
		{98B9B4E3-E5E5-4245-92C4-9BB7D72D1711}.Debug|x64.ActiveCfg = Debug|Any CPU
		{98B9B4E3-E5E5-4245-92C4-9BB7D72D1711}.Debug|x64.Build.0 = Debug|Any CPU
		{98B9B4E3-E5E5-4245-92C4-9BB7D72D1711}.Debug|x86.ActiveCfg = Debug|Any CPU
		{98B9B4E3-E5E5-4245-92C4-9BB7D72D1711}.Debug|x86.Build.0 = Debug|Any CPU
		{98B9B4E3-E5E5-4245-92C4-9BB7D72D1711}.Release|Any CPU.ActiveCfg = Release|Any CPU
		{98B9B4E3-E5E5-4245-92C4-9BB7D72D1711}.Release|Any CPU.Build.0 = Release|Any CPU
		{98B9B4E3-E5E5-4245-92C4-9BB7D72D1711}.Release|x64.ActiveCfg = Release|Any CPU
		{98B9B4E3-E5E5-4245-92C4-9BB7D72D1711}.Release|x64.Build.0 = Release|Any CPU
		{98B9B4E3-E5E5-4245-92C4-9BB7D72D1711}.Release|x86.ActiveCfg = Release|Any CPU
		{98B9B4E3-E5E5-4245-92C4-9BB7D72D1711}.Release|x86.Build.0 = Release|Any CPU
		{2E92982C-477A-4CC2-A618-8FFC58563202}.Debug|Any CPU.ActiveCfg = Debug|Any CPU
		{2E92982C-477A-4CC2-A618-8FFC58563202}.Debug|Any CPU.Build.0 = Debug|Any CPU
		{2E92982C-477A-4CC2-A618-8FFC58563202}.Debug|x64.ActiveCfg = Debug|Any CPU
		{2E92982C-477A-4CC2-A618-8FFC58563202}.Debug|x64.Build.0 = Debug|Any CPU
		{2E92982C-477A-4CC2-A618-8FFC58563202}.Debug|x86.ActiveCfg = Debug|Any CPU
		{2E92982C-477A-4CC2-A618-8FFC58563202}.Debug|x86.Build.0 = Debug|Any CPU
		{2E92982C-477A-4CC2-A618-8FFC58563202}.Release|Any CPU.ActiveCfg = Release|Any CPU
		{2E92982C-477A-4CC2-A618-8FFC58563202}.Release|Any CPU.Build.0 = Release|Any CPU
		{2E92982C-477A-4CC2-A618-8FFC58563202}.Release|x64.ActiveCfg = Release|Any CPU
		{2E92982C-477A-4CC2-A618-8FFC58563202}.Release|x64.Build.0 = Release|Any CPU
		{2E92982C-477A-4CC2-A618-8FFC58563202}.Release|x86.ActiveCfg = Release|Any CPU
		{2E92982C-477A-4CC2-A618-8FFC58563202}.Release|x86.Build.0 = Release|Any CPU
		{DC91C604-6E1A-4B49-8F9D-E7F9E95DEB7B}.Debug|Any CPU.ActiveCfg = Debug|Any CPU
		{DC91C604-6E1A-4B49-8F9D-E7F9E95DEB7B}.Debug|Any CPU.Build.0 = Debug|Any CPU
		{DC91C604-6E1A-4B49-8F9D-E7F9E95DEB7B}.Debug|x64.ActiveCfg = Debug|Any CPU
		{DC91C604-6E1A-4B49-8F9D-E7F9E95DEB7B}.Debug|x64.Build.0 = Debug|Any CPU
		{DC91C604-6E1A-4B49-8F9D-E7F9E95DEB7B}.Debug|x86.ActiveCfg = Debug|Any CPU
		{DC91C604-6E1A-4B49-8F9D-E7F9E95DEB7B}.Debug|x86.Build.0 = Debug|Any CPU
		{DC91C604-6E1A-4B49-8F9D-E7F9E95DEB7B}.Release|Any CPU.ActiveCfg = Release|Any CPU
		{DC91C604-6E1A-4B49-8F9D-E7F9E95DEB7B}.Release|Any CPU.Build.0 = Release|Any CPU
		{DC91C604-6E1A-4B49-8F9D-E7F9E95DEB7B}.Release|x64.ActiveCfg = Release|Any CPU
		{DC91C604-6E1A-4B49-8F9D-E7F9E95DEB7B}.Release|x64.Build.0 = Release|Any CPU
		{DC91C604-6E1A-4B49-8F9D-E7F9E95DEB7B}.Release|x86.ActiveCfg = Release|Any CPU
		{DC91C604-6E1A-4B49-8F9D-E7F9E95DEB7B}.Release|x86.Build.0 = Release|Any CPU
		{BB125869-EE34-480C-9CE7-098CDD8E946E}.Debug|Any CPU.ActiveCfg = Debug|Any CPU
		{BB125869-EE34-480C-9CE7-098CDD8E946E}.Debug|Any CPU.Build.0 = Debug|Any CPU
		{BB125869-EE34-480C-9CE7-098CDD8E946E}.Debug|x64.ActiveCfg = Debug|Any CPU
		{BB125869-EE34-480C-9CE7-098CDD8E946E}.Debug|x64.Build.0 = Debug|Any CPU
		{BB125869-EE34-480C-9CE7-098CDD8E946E}.Debug|x86.ActiveCfg = Debug|Any CPU
		{BB125869-EE34-480C-9CE7-098CDD8E946E}.Debug|x86.Build.0 = Debug|Any CPU
		{BB125869-EE34-480C-9CE7-098CDD8E946E}.Release|Any CPU.ActiveCfg = Release|Any CPU
		{BB125869-EE34-480C-9CE7-098CDD8E946E}.Release|Any CPU.Build.0 = Release|Any CPU
		{BB125869-EE34-480C-9CE7-098CDD8E946E}.Release|x64.ActiveCfg = Release|Any CPU
		{BB125869-EE34-480C-9CE7-098CDD8E946E}.Release|x64.Build.0 = Release|Any CPU
		{BB125869-EE34-480C-9CE7-098CDD8E946E}.Release|x86.ActiveCfg = Release|Any CPU
		{BB125869-EE34-480C-9CE7-098CDD8E946E}.Release|x86.Build.0 = Release|Any CPU
		{7DFC5BB8-5732-4489-ABC3-32EE9493AD1F}.Debug|Any CPU.ActiveCfg = Debug|Any CPU
		{7DFC5BB8-5732-4489-ABC3-32EE9493AD1F}.Debug|Any CPU.Build.0 = Debug|Any CPU
		{7DFC5BB8-5732-4489-ABC3-32EE9493AD1F}.Debug|x64.ActiveCfg = Debug|Any CPU
		{7DFC5BB8-5732-4489-ABC3-32EE9493AD1F}.Debug|x64.Build.0 = Debug|Any CPU
		{7DFC5BB8-5732-4489-ABC3-32EE9493AD1F}.Debug|x86.ActiveCfg = Debug|Any CPU
		{7DFC5BB8-5732-4489-ABC3-32EE9493AD1F}.Debug|x86.Build.0 = Debug|Any CPU
		{7DFC5BB8-5732-4489-ABC3-32EE9493AD1F}.Release|Any CPU.ActiveCfg = Release|Any CPU
		{7DFC5BB8-5732-4489-ABC3-32EE9493AD1F}.Release|Any CPU.Build.0 = Release|Any CPU
		{7DFC5BB8-5732-4489-ABC3-32EE9493AD1F}.Release|x64.ActiveCfg = Release|Any CPU
		{7DFC5BB8-5732-4489-ABC3-32EE9493AD1F}.Release|x64.Build.0 = Release|Any CPU
		{7DFC5BB8-5732-4489-ABC3-32EE9493AD1F}.Release|x86.ActiveCfg = Release|Any CPU
		{7DFC5BB8-5732-4489-ABC3-32EE9493AD1F}.Release|x86.Build.0 = Release|Any CPU
		{999BEC20-774F-4FF0-810D-ABA1B534B94D}.Debug|Any CPU.ActiveCfg = Debug|Any CPU
		{999BEC20-774F-4FF0-810D-ABA1B534B94D}.Debug|Any CPU.Build.0 = Debug|Any CPU
		{999BEC20-774F-4FF0-810D-ABA1B534B94D}.Debug|x64.ActiveCfg = Debug|Any CPU
		{999BEC20-774F-4FF0-810D-ABA1B534B94D}.Debug|x64.Build.0 = Debug|Any CPU
		{999BEC20-774F-4FF0-810D-ABA1B534B94D}.Debug|x86.ActiveCfg = Debug|Any CPU
		{999BEC20-774F-4FF0-810D-ABA1B534B94D}.Debug|x86.Build.0 = Debug|Any CPU
		{999BEC20-774F-4FF0-810D-ABA1B534B94D}.Release|Any CPU.ActiveCfg = Release|Any CPU
		{999BEC20-774F-4FF0-810D-ABA1B534B94D}.Release|Any CPU.Build.0 = Release|Any CPU
		{999BEC20-774F-4FF0-810D-ABA1B534B94D}.Release|x64.ActiveCfg = Release|Any CPU
		{999BEC20-774F-4FF0-810D-ABA1B534B94D}.Release|x64.Build.0 = Release|Any CPU
		{999BEC20-774F-4FF0-810D-ABA1B534B94D}.Release|x86.ActiveCfg = Release|Any CPU
		{999BEC20-774F-4FF0-810D-ABA1B534B94D}.Release|x86.Build.0 = Release|Any CPU
		{21AEF913-2656-4CB8-8BA0-5E562F0042FC}.Debug|Any CPU.ActiveCfg = Debug|Any CPU
		{21AEF913-2656-4CB8-8BA0-5E562F0042FC}.Debug|Any CPU.Build.0 = Debug|Any CPU
		{21AEF913-2656-4CB8-8BA0-5E562F0042FC}.Debug|x64.ActiveCfg = Debug|Any CPU
		{21AEF913-2656-4CB8-8BA0-5E562F0042FC}.Debug|x64.Build.0 = Debug|Any CPU
		{21AEF913-2656-4CB8-8BA0-5E562F0042FC}.Debug|x86.ActiveCfg = Debug|Any CPU
		{21AEF913-2656-4CB8-8BA0-5E562F0042FC}.Debug|x86.Build.0 = Debug|Any CPU
		{21AEF913-2656-4CB8-8BA0-5E562F0042FC}.Release|Any CPU.ActiveCfg = Release|Any CPU
		{21AEF913-2656-4CB8-8BA0-5E562F0042FC}.Release|Any CPU.Build.0 = Release|Any CPU
		{21AEF913-2656-4CB8-8BA0-5E562F0042FC}.Release|x64.ActiveCfg = Release|Any CPU
		{21AEF913-2656-4CB8-8BA0-5E562F0042FC}.Release|x64.Build.0 = Release|Any CPU
		{21AEF913-2656-4CB8-8BA0-5E562F0042FC}.Release|x86.ActiveCfg = Release|Any CPU
		{21AEF913-2656-4CB8-8BA0-5E562F0042FC}.Release|x86.Build.0 = Release|Any CPU
		{CF8BE97B-6681-496F-9E91-D2D6CE40C46A}.Debug|Any CPU.ActiveCfg = Debug|Any CPU
		{CF8BE97B-6681-496F-9E91-D2D6CE40C46A}.Debug|Any CPU.Build.0 = Debug|Any CPU
		{CF8BE97B-6681-496F-9E91-D2D6CE40C46A}.Debug|x64.ActiveCfg = Debug|Any CPU
		{CF8BE97B-6681-496F-9E91-D2D6CE40C46A}.Debug|x64.Build.0 = Debug|Any CPU
		{CF8BE97B-6681-496F-9E91-D2D6CE40C46A}.Debug|x86.ActiveCfg = Debug|Any CPU
		{CF8BE97B-6681-496F-9E91-D2D6CE40C46A}.Debug|x86.Build.0 = Debug|Any CPU
		{CF8BE97B-6681-496F-9E91-D2D6CE40C46A}.Release|Any CPU.ActiveCfg = Release|Any CPU
		{CF8BE97B-6681-496F-9E91-D2D6CE40C46A}.Release|Any CPU.Build.0 = Release|Any CPU
		{CF8BE97B-6681-496F-9E91-D2D6CE40C46A}.Release|x64.ActiveCfg = Release|Any CPU
		{CF8BE97B-6681-496F-9E91-D2D6CE40C46A}.Release|x64.Build.0 = Release|Any CPU
		{CF8BE97B-6681-496F-9E91-D2D6CE40C46A}.Release|x86.ActiveCfg = Release|Any CPU
		{CF8BE97B-6681-496F-9E91-D2D6CE40C46A}.Release|x86.Build.0 = Release|Any CPU
		{00BAB8F3-1AEC-4470-ABA0-A1357B54CBBE}.Debug|Any CPU.ActiveCfg = Debug|Any CPU
		{00BAB8F3-1AEC-4470-ABA0-A1357B54CBBE}.Debug|Any CPU.Build.0 = Debug|Any CPU
		{00BAB8F3-1AEC-4470-ABA0-A1357B54CBBE}.Debug|x64.ActiveCfg = Debug|Any CPU
		{00BAB8F3-1AEC-4470-ABA0-A1357B54CBBE}.Debug|x64.Build.0 = Debug|Any CPU
		{00BAB8F3-1AEC-4470-ABA0-A1357B54CBBE}.Debug|x86.ActiveCfg = Debug|Any CPU
		{00BAB8F3-1AEC-4470-ABA0-A1357B54CBBE}.Debug|x86.Build.0 = Debug|Any CPU
		{00BAB8F3-1AEC-4470-ABA0-A1357B54CBBE}.Release|Any CPU.ActiveCfg = Release|Any CPU
		{00BAB8F3-1AEC-4470-ABA0-A1357B54CBBE}.Release|Any CPU.Build.0 = Release|Any CPU
		{00BAB8F3-1AEC-4470-ABA0-A1357B54CBBE}.Release|x64.ActiveCfg = Release|Any CPU
		{00BAB8F3-1AEC-4470-ABA0-A1357B54CBBE}.Release|x64.Build.0 = Release|Any CPU
		{00BAB8F3-1AEC-4470-ABA0-A1357B54CBBE}.Release|x86.ActiveCfg = Release|Any CPU
		{00BAB8F3-1AEC-4470-ABA0-A1357B54CBBE}.Release|x86.Build.0 = Release|Any CPU
		{D1C6C898-C3FE-4BCE-A82E-6A6A3C3C028A}.Debug|Any CPU.ActiveCfg = Debug|Any CPU
		{D1C6C898-C3FE-4BCE-A82E-6A6A3C3C028A}.Debug|Any CPU.Build.0 = Debug|Any CPU
		{D1C6C898-C3FE-4BCE-A82E-6A6A3C3C028A}.Debug|x64.ActiveCfg = Debug|Any CPU
		{D1C6C898-C3FE-4BCE-A82E-6A6A3C3C028A}.Debug|x64.Build.0 = Debug|Any CPU
		{D1C6C898-C3FE-4BCE-A82E-6A6A3C3C028A}.Debug|x86.ActiveCfg = Debug|Any CPU
		{D1C6C898-C3FE-4BCE-A82E-6A6A3C3C028A}.Debug|x86.Build.0 = Debug|Any CPU
		{D1C6C898-C3FE-4BCE-A82E-6A6A3C3C028A}.Release|Any CPU.ActiveCfg = Release|Any CPU
		{D1C6C898-C3FE-4BCE-A82E-6A6A3C3C028A}.Release|Any CPU.Build.0 = Release|Any CPU
		{D1C6C898-C3FE-4BCE-A82E-6A6A3C3C028A}.Release|x64.ActiveCfg = Release|Any CPU
		{D1C6C898-C3FE-4BCE-A82E-6A6A3C3C028A}.Release|x64.Build.0 = Release|Any CPU
		{D1C6C898-C3FE-4BCE-A82E-6A6A3C3C028A}.Release|x86.ActiveCfg = Release|Any CPU
		{D1C6C898-C3FE-4BCE-A82E-6A6A3C3C028A}.Release|x86.Build.0 = Release|Any CPU
	EndGlobalSection
	GlobalSection(SolutionProperties) = preSolution
		HideSolutionNode = FALSE
	EndGlobalSection
	GlobalSection(NestedProjects) = preSolution
		{C8E42992-5E42-0C2B-DBFE-AA848D06431C} = {827E0CD3-B72D-47B6-A68D-7590B98EB39B}
		{AEBB6443-C848-47BF-8C9A-B8FDA2EC2521} = {C8E42992-5E42-0C2B-DBFE-AA848D06431C}
		{FE360695-3F2B-1049-3887-35FBB5135923} = {827E0CD3-B72D-47B6-A68D-7590B98EB39B}
		{80AA2D47-A8A8-B250-956F-7C35AE84D60B} = {FE360695-3F2B-1049-3887-35FBB5135923}
		{767D7431-D8A9-F82E-1068-BB2211DC3259} = {80AA2D47-A8A8-B250-956F-7C35AE84D60B}
		{F3E4E6C7-5EDC-4EC0-AD74-8E28AA2B65E8} = {767D7431-D8A9-F82E-1068-BB2211DC3259}
		{599707A2-3E85-423E-93CB-8C8133988D7A} = {767D7431-D8A9-F82E-1068-BB2211DC3259}
		{9692F11D-445B-4071-B053-44D8002C316D} = {767D7431-D8A9-F82E-1068-BB2211DC3259}
		{2D249DE0-EC84-28E9-17CD-9A4EEB38B949} = {80AA2D47-A8A8-B250-956F-7C35AE84D60B}
		{89263A37-7437-4353-953C-008247DA9068} = {2D249DE0-EC84-28E9-17CD-9A4EEB38B949}
		{E5173774-6ECB-4DED-845D-4CBE6D898B1D} = {2D249DE0-EC84-28E9-17CD-9A4EEB38B949}
		{9E44B526-E79A-43B2-964A-1556385B6B4D} = {2D249DE0-EC84-28E9-17CD-9A4EEB38B949}
		{F0527C1E-60E4-94A0-3773-C8587A305C89} = {80AA2D47-A8A8-B250-956F-7C35AE84D60B}
		{96AEA625-C6FC-4B51-ABC4-56775468D3F1} = {F0527C1E-60E4-94A0-3773-C8587A305C89}
		{DE8916E4-CB47-4FA5-B806-B39B384E6C92} = {F0527C1E-60E4-94A0-3773-C8587A305C89}
		{1EF2D35D-99A5-48BB-99C5-9535A0A8C507} = {F0527C1E-60E4-94A0-3773-C8587A305C89}
		{CA7B4FE3-97FE-41F0-BFC4-943654584024} = {FE360695-3F2B-1049-3887-35FBB5135923}
		{C62EED4C-2AC9-F50F-E0BC-649CFEA98BDB} = {0AB3BF05-4346-4AA6-1389-037BE0695223}
		{ADC5123A-F383-4236-EDE3-E79C16CFE866} = {C62EED4C-2AC9-F50F-E0BC-649CFEA98BDB}
		{6DCD6662-FAC4-4925-8B99-B0F08E754756} = {ADC5123A-F383-4236-EDE3-E79C16CFE866}
		{35C5C2C8-E50E-750F-2C85-4B4D2A21115F} = {C62EED4C-2AC9-F50F-E0BC-649CFEA98BDB}
		{2BF248AF-B9B6-446A-A3B3-ED24DF2698F4} = {35C5C2C8-E50E-750F-2C85-4B4D2A21115F}
		{AB7F2BA9-A44C-ECEA-EACF-7CB237EA5C74} = {C62EED4C-2AC9-F50F-E0BC-649CFEA98BDB}
		{D4FAE356-E31F-427F-BC42-CCC1108E3662} = {AB7F2BA9-A44C-ECEA-EACF-7CB237EA5C74}
		{F7AB4876-6F9E-4B96-9721-32516593BD52} = {C8E42992-5E42-0C2B-DBFE-AA848D06431C}
		{5579ABC2-CB82-8538-6BDA-4B245ED70B6A} = {80AA2D47-A8A8-B250-956F-7C35AE84D60B}
		{98B9B4E3-E5E5-4245-92C4-9BB7D72D1711} = {5579ABC2-CB82-8538-6BDA-4B245ED70B6A}
		{2E92982C-477A-4CC2-A618-8FFC58563202} = {5579ABC2-CB82-8538-6BDA-4B245ED70B6A}
		{DC91C604-6E1A-4B49-8F9D-E7F9E95DEB7B} = {5579ABC2-CB82-8538-6BDA-4B245ED70B6A}
		{42299874-777B-F2D0-9D08-D24097ABCE7E} = {827E0CD3-B72D-47B6-A68D-7590B98EB39B}
		{BB125869-EE34-480C-9CE7-098CDD8E946E} = {42299874-777B-F2D0-9D08-D24097ABCE7E}
		{7DFC5BB8-5732-4489-ABC3-32EE9493AD1F} = {42299874-777B-F2D0-9D08-D24097ABCE7E}
		{999BEC20-774F-4FF0-810D-ABA1B534B94D} = {42299874-777B-F2D0-9D08-D24097ABCE7E}
		{FA8FFBD6-AFF2-4CE2-8F1A-323CBF9EE1CD} = {0AB3BF05-4346-4AA6-1389-037BE0695223}
		{9937F2DF-CEFF-D8D3-F32A-8F192CFC98CC} = {FA8FFBD6-AFF2-4CE2-8F1A-323CBF9EE1CD}
		{21AEF913-2656-4CB8-8BA0-5E562F0042FC} = {9937F2DF-CEFF-D8D3-F32A-8F192CFC98CC}
		{FA429234-2590-72EF-22B2-C0252F3A9B63} = {80AA2D47-A8A8-B250-956F-7C35AE84D60B}
		{CF8BE97B-6681-496F-9E91-D2D6CE40C46A} = {FA429234-2590-72EF-22B2-C0252F3A9B63}
		{00BAB8F3-1AEC-4470-ABA0-A1357B54CBBE} = {FA429234-2590-72EF-22B2-C0252F3A9B63}
		{D1C6C898-C3FE-4BCE-A82E-6A6A3C3C028A} = {FA429234-2590-72EF-22B2-C0252F3A9B63}
	EndGlobalSection
EndGlobal
